
Microsoft Visual Studio Solution File, Format Version 12.00
# Visual Studio Version 16
VisualStudioVersion = 16.0.30011.22
MinimumVisualStudioVersion = 10.0.40219.1
Project("{9A19103F-16F7-4668-BE54-9A1E7A4F7556}") = "WebApplicationTestTask", "WebApplicationTestTask\WebApplicationTestTask.csproj", "{06338FEF-DAF2-488C-9F61-5D5CA2A7DE6B}"
EndProject
Project("{9A19103F-16F7-4668-BE54-9A1E7A4F7556}") = "WebApplicationTestTask.Entities", "WebApplicationTestTask.Entities\WebApplicationTestTask.Entities.csproj", "{1EFB7474-D9AB-44C9-9E34-7910C24CE023}"
EndProject
Project("{9A19103F-16F7-4668-BE54-9A1E7A4F7556}") = "WebApplicationTestTask.Dal.Abstraction", "WebApplicationTestTask.Dal.Abstraction\WebApplicationTestTask.Dal.Abstraction.csproj", "{B55DA59E-12FD-4D56-8161-CDEAE5579EA3}"
EndProject
Project("{9A19103F-16F7-4668-BE54-9A1E7A4F7556}") = "WebApplicationTestTask.Dal.Implementation", "WebApplicationTestTask.Dal.Implementation\WebApplicationTestTask.Dal.Implementation.csproj", "{8C47AE83-1DEC-4BDD-95C8-31F833310C2F}"
EndProject
Project("{FAE04EC0-301F-11D3-BF4B-00C04F79EFBC}") = "WebApplicationTestTask.Models", "WebApplicationTestTask.Models\WebApplicationTestTask.Models.csproj", "{A472419D-55B6-4209-A098-21FA328C6106}"
EndProject
Project("{FAE04EC0-301F-11D3-BF4B-00C04F79EFBC}") = "WebApplicationTestTask.Bl.Abstraction", "WebApplicationTestTask.Bl.Abstraction\WebApplicationTestTask.Bl.Abstraction.csproj", "{DBDB8936-96FE-4DC8-B726-CF325BA72731}"
EndProject
Project("{FAE04EC0-301F-11D3-BF4B-00C04F79EFBC}") = "WebApplicationTestTask.Bl.Implementation", "WebApplicationTestTask.Bl.Implementation\WebApplicationTestTask.Bl.Implementation.csproj", "{6C5E8874-F221-4C93-8438-1AD6A39525E8}"
EndProject
Project("{FAE04EC0-301F-11D3-BF4B-00C04F79EFBC}") = "WebApplicationTestTask.Mappers.Abstraction", "WebApplicationTestTask.Mappers.Abstraction\WebApplicationTestTask.Mappers.Abstraction.csproj", "{6371414E-8C71-450F-B872-9289EA2FE9F5}"
EndProject
Project("{FAE04EC0-301F-11D3-BF4B-00C04F79EFBC}") = "WebApplicationTestTask.Mappers.Implementation", "WebApplicationTestTask.Mappers.Implementation\WebApplicationTestTask.Mappers.Implementation.csproj", "{6CB8979E-E645-4B2D-9A62-A4CAD9BD3D9E}"
EndProject
Global
	GlobalSection(SolutionConfigurationPlatforms) = preSolution
		Debug|Any CPU = Debug|Any CPU
		Release|Any CPU = Release|Any CPU
	EndGlobalSection
	GlobalSection(ProjectConfigurationPlatforms) = postSolution
		{06338FEF-DAF2-488C-9F61-5D5CA2A7DE6B}.Debug|Any CPU.ActiveCfg = Debug|Any CPU
		{06338FEF-DAF2-488C-9F61-5D5CA2A7DE6B}.Debug|Any CPU.Build.0 = Debug|Any CPU
		{06338FEF-DAF2-488C-9F61-5D5CA2A7DE6B}.Release|Any CPU.ActiveCfg = Release|Any CPU
		{06338FEF-DAF2-488C-9F61-5D5CA2A7DE6B}.Release|Any CPU.Build.0 = Release|Any CPU
		{1EFB7474-D9AB-44C9-9E34-7910C24CE023}.Debug|Any CPU.ActiveCfg = Debug|Any CPU
		{1EFB7474-D9AB-44C9-9E34-7910C24CE023}.Debug|Any CPU.Build.0 = Debug|Any CPU
		{1EFB7474-D9AB-44C9-9E34-7910C24CE023}.Release|Any CPU.ActiveCfg = Release|Any CPU
		{1EFB7474-D9AB-44C9-9E34-7910C24CE023}.Release|Any CPU.Build.0 = Release|Any CPU
		{B55DA59E-12FD-4D56-8161-CDEAE5579EA3}.Debug|Any CPU.ActiveCfg = Debug|Any CPU
		{B55DA59E-12FD-4D56-8161-CDEAE5579EA3}.Debug|Any CPU.Build.0 = Debug|Any CPU
		{B55DA59E-12FD-4D56-8161-CDEAE5579EA3}.Release|Any CPU.ActiveCfg = Release|Any CPU
		{B55DA59E-12FD-4D56-8161-CDEAE5579EA3}.Release|Any CPU.Build.0 = Release|Any CPU
		{8C47AE83-1DEC-4BDD-95C8-31F833310C2F}.Debug|Any CPU.ActiveCfg = Debug|Any CPU
		{8C47AE83-1DEC-4BDD-95C8-31F833310C2F}.Debug|Any CPU.Build.0 = Debug|Any CPU
		{8C47AE83-1DEC-4BDD-95C8-31F833310C2F}.Release|Any CPU.ActiveCfg = Release|Any CPU
		{8C47AE83-1DEC-4BDD-95C8-31F833310C2F}.Release|Any CPU.Build.0 = Release|Any CPU
		{A472419D-55B6-4209-A098-21FA328C6106}.Debug|Any CPU.ActiveCfg = Debug|Any CPU
		{A472419D-55B6-4209-A098-21FA328C6106}.Debug|Any CPU.Build.0 = Debug|Any CPU
		{A472419D-55B6-4209-A098-21FA328C6106}.Release|Any CPU.ActiveCfg = Release|Any CPU
		{A472419D-55B6-4209-A098-21FA328C6106}.Release|Any CPU.Build.0 = Release|Any CPU
		{DBDB8936-96FE-4DC8-B726-CF325BA72731}.Debug|Any CPU.ActiveCfg = Debug|Any CPU
		{DBDB8936-96FE-4DC8-B726-CF325BA72731}.Debug|Any CPU.Build.0 = Debug|Any CPU
		{DBDB8936-96FE-4DC8-B726-CF325BA72731}.Release|Any CPU.ActiveCfg = Release|Any CPU
		{DBDB8936-96FE-4DC8-B726-CF325BA72731}.Release|Any CPU.Build.0 = Release|Any CPU
		{6C5E8874-F221-4C93-8438-1AD6A39525E8}.Debug|Any CPU.ActiveCfg = Debug|Any CPU
		{6C5E8874-F221-4C93-8438-1AD6A39525E8}.Debug|Any CPU.Build.0 = Debug|Any CPU
		{6C5E8874-F221-4C93-8438-1AD6A39525E8}.Release|Any CPU.ActiveCfg = Release|Any CPU
		{6C5E8874-F221-4C93-8438-1AD6A39525E8}.Release|Any CPU.Build.0 = Release|Any CPU
		{6371414E-8C71-450F-B872-9289EA2FE9F5}.Debug|Any CPU.ActiveCfg = Debug|Any CPU
		{6371414E-8C71-450F-B872-9289EA2FE9F5}.Debug|Any CPU.Build.0 = Debug|Any CPU
		{6371414E-8C71-450F-B872-9289EA2FE9F5}.Release|Any CPU.ActiveCfg = Release|Any CPU
		{6371414E-8C71-450F-B872-9289EA2FE9F5}.Release|Any CPU.Build.0 = Release|Any CPU
		{6CB8979E-E645-4B2D-9A62-A4CAD9BD3D9E}.Debug|Any CPU.ActiveCfg = Debug|Any CPU
		{6CB8979E-E645-4B2D-9A62-A4CAD9BD3D9E}.Debug|Any CPU.Build.0 = Debug|Any CPU
		{6CB8979E-E645-4B2D-9A62-A4CAD9BD3D9E}.Release|Any CPU.ActiveCfg = Release|Any CPU
		{6CB8979E-E645-4B2D-9A62-A4CAD9BD3D9E}.Release|Any CPU.Build.0 = Release|Any CPU
	EndGlobalSection
	GlobalSection(SolutionProperties) = preSolution
		HideSolutionNode = FALSE
	EndGlobalSection
	GlobalSection(ExtensibilityGlobals) = postSolution
		SolutionGuid = {37520974-06B6-4D19-9BB8-E10F403ABB75}
	EndGlobalSection
EndGlobal
